<?xml version="1.0" encoding="utf-8"?>
<Project ToolsVersion="4.0" xmlns="http://schemas.microsoft.com/developer/msbuild/2003">
  <ItemGroup>
    <Filter Include="src">
      <UniqueIdentifier>{937B146B-1E04-45D5-AE20-D93C084610FE}</UniqueIdentifier>
    </Filter>
    <Filter Include="include">
      <UniqueIdentifier>{452A4DFB-43FE-47BB-BF72-95BAB8F6DC75}</UniqueIdentifier>
    </Filter>
  </ItemGroup>
  <ItemGroup>
    <ClCompile Include="src\main.cpp">
      <Filter>src</Filter>
    </ClCompile>
    <ClCompile Include="src\GraphicsAssets.cpp">
      <Filter>src</Filter>
    </ClCompile>
    <ClCompile Include="src\GraphicsRenderer.cpp">
      <Filter>src</Filter>
    </ClCompile>
    <ClCompile Include="src\TitleAudio.cpp">
      <Filter>src</Filter>
    </ClCompile>
    <ClCompile Include="src\Input.cpp">
      <Filter>src</Filter>
    </ClCompile>
    <ClCompile Include="src\AdventureStore.cpp">
      <Filter>src</Filter>
    </ClCompile>
    <ClCompile Include="src\AdventureView.cpp">
      <Filter>src</Filter>
    </ClCompile>
    <ClCompile Include="src\FieldView.cpp">
      <Filter>src</Filter>
    </ClCompile>
    <ClCompile Include="src\GameplaySession.cpp">
      <Filter>src</Filter>
    </ClCompile>
  </ItemGroup>
  <ItemGroup>
    <ClInclude Include="src\GraphicsAssets.hpp">
      <Filter>src</Filter>
    </ClInclude>
    <ClInclude Include="src\GraphicsRenderer.hpp">
      <Filter>src</Filter>
    </ClInclude>
    <ClInclude Include="src\TitleAudio.hpp">
      <Filter>src</Filter>
    </ClInclude>
    <ClInclude Include="src\Input.hpp">
      <Filter>src</Filter>
    </ClInclude>
    <ClInclude Include="src\AdventureStore.hpp">
      <Filter>src</Filter>
    </ClInclude>
    <ClInclude Include="src\AdventureView.hpp">
      <Filter>src</Filter>
    </ClInclude>
    <ClInclude Include="src\FieldView.hpp">
      <Filter>src</Filter>
    </ClInclude>
    <ClInclude Include="src\GameplaySession.hpp">
      <Filter>src</Filter>
    </ClInclude>
  </ItemGroup>
</Project>